
Microsoft Visual Studio Solution File, Format Version 12.00
# Visual Studio 15
VisualStudioVersion = 15.0.27130.2010
MinimumVisualStudioVersion = 10.0.40219.1
Project("{2150E333-8FDC-42A3-9474-1A3956D46DE8}") = "Engine", "Engine", "{757376B2-E418-4C21-A478-7086DF62F7B7}"
EndProject
Project("{2150E333-8FDC-42A3-9474-1A3956D46DE8}") = "Games", "Games", "{49ADA3AA-AE9F-4F6F-9DC3-A4ED66328E26}"
EndProject
Project("{8BC9CEB8-8B4A-11D0-8D11-00A0C91BC942}") = "UE4", "Intermediate\ProjectFiles\UE4.vcxproj", "{5709054D-2683-41EF-BAE7-2B865A821EBD}"
EndProject
Project("{8BC9CEB8-8B4A-11D0-8D11-00A0C91BC942}") = "BuildingEscape", "Intermediate\ProjectFiles\BuildingEscape.vcxproj", "{015A8DC4-251E-40B7-A0F5-1C00601D1648}"
EndProject
Global
	GlobalSection(SolutionConfigurationPlatforms) = preSolution
		DebugGame Editor|HTML5 = DebugGame Editor|HTML5
		DebugGame Editor|Win32 = DebugGame Editor|Win32
		DebugGame Editor|Win64 = DebugGame Editor|Win64
		DebugGame|HTML5 = DebugGame|HTML5
		DebugGame|Win32 = DebugGame|Win32
		DebugGame|Win64 = DebugGame|Win64
		Development Editor|HTML5 = Development Editor|HTML5
		Development Editor|Win32 = Development Editor|Win32
		Development Editor|Win64 = Development Editor|Win64
		Development|HTML5 = Development|HTML5
		Development|Win32 = Development|Win32
		Development|Win64 = Development|Win64
		Shipping|HTML5 = Shipping|HTML5
		Shipping|Win32 = Shipping|Win32
		Shipping|Win64 = Shipping|Win64
	EndGlobalSection
	GlobalSection(ProjectConfigurationPlatforms) = postSolution
		{5709054D-2683-41EF-BAE7-2B865A821EBD}.DebugGame Editor|HTML5.ActiveCfg = BuiltWithUnrealBuildTool|Win32
		{5709054D-2683-41EF-BAE7-2B865A821EBD}.DebugGame Editor|HTML5.Build.0 = BuiltWithUnrealBuildTool|Win32
		{5709054D-2683-41EF-BAE7-2B865A821EBD}.DebugGame Editor|Win32.ActiveCfg = BuiltWithUnrealBuildTool|Win32
		{5709054D-2683-41EF-BAE7-2B865A821EBD}.DebugGame Editor|Win32.Build.0 = BuiltWithUnrealBuildTool|Win32
		{5709054D-2683-41EF-BAE7-2B865A821EBD}.DebugGame Editor|Win64.ActiveCfg = BuiltWithUnrealBuildTool|Win32
		{5709054D-2683-41EF-BAE7-2B865A821EBD}.DebugGame Editor|Win64.Build.0 = BuiltWithUnrealBuildTool|Win32
		{5709054D-2683-41EF-BAE7-2B865A821EBD}.DebugGame|HTML5.ActiveCfg = BuiltWithUnrealBuildTool|Win32
		{5709054D-2683-41EF-BAE7-2B865A821EBD}.DebugGame|HTML5.Build.0 = BuiltWithUnrealBuildTool|Win32
		{5709054D-2683-41EF-BAE7-2B865A821EBD}.DebugGame|Win32.ActiveCfg = BuiltWithUnrealBuildTool|Win32
		{5709054D-2683-41EF-BAE7-2B865A821EBD}.DebugGame|Win32.Build.0 = BuiltWithUnrealBuildTool|Win32
		{5709054D-2683-41EF-BAE7-2B865A821EBD}.DebugGame|Win64.ActiveCfg = BuiltWithUnrealBuildTool|Win32
		{5709054D-2683-41EF-BAE7-2B865A821EBD}.DebugGame|Win64.Build.0 = BuiltWithUnrealBuildTool|Win32
		{5709054D-2683-41EF-BAE7-2B865A821EBD}.Development Editor|HTML5.ActiveCfg = BuiltWithUnrealBuildTool|Win32
		{5709054D-2683-41EF-BAE7-2B865A821EBD}.Development Editor|HTML5.Build.0 = BuiltWithUnrealBuildTool|Win32
		{5709054D-2683-41EF-BAE7-2B865A821EBD}.Development Editor|Win32.ActiveCfg = BuiltWithUnrealBuildTool|Win32
		{5709054D-2683-41EF-BAE7-2B865A821EBD}.Development Editor|Win32.Build.0 = BuiltWithUnrealBuildTool|Win32
		{5709054D-2683-41EF-BAE7-2B865A821EBD}.Development Editor|Win64.ActiveCfg = BuiltWithUnrealBuildTool|Win32
		{5709054D-2683-41EF-BAE7-2B865A821EBD}.Development Editor|Win64.Build.0 = BuiltWithUnrealBuildTool|Win32
		{5709054D-2683-41EF-BAE7-2B865A821EBD}.Development|HTML5.ActiveCfg = BuiltWithUnrealBuildTool|Win32
		{5709054D-2683-41EF-BAE7-2B865A821EBD}.Development|HTML5.Build.0 = BuiltWithUnrealBuildTool|Win32
		{5709054D-2683-41EF-BAE7-2B865A821EBD}.Development|Win32.ActiveCfg = BuiltWithUnrealBuildTool|Win32
		{5709054D-2683-41EF-BAE7-2B865A821EBD}.Development|Win32.Build.0 = BuiltWithUnrealBuildTool|Win32
		{5709054D-2683-41EF-BAE7-2B865A821EBD}.Development|Win64.ActiveCfg = BuiltWithUnrealBuildTool|Win32
		{5709054D-2683-41EF-BAE7-2B865A821EBD}.Development|Win64.Build.0 = BuiltWithUnrealBuildTool|Win32
		{5709054D-2683-41EF-BAE7-2B865A821EBD}.Shipping|HTML5.ActiveCfg = BuiltWithUnrealBuildTool|Win32
		{5709054D-2683-41EF-BAE7-2B865A821EBD}.Shipping|HTML5.Build.0 = BuiltWithUnrealBuildTool|Win32
		{5709054D-2683-41EF-BAE7-2B865A821EBD}.Shipping|Win32.ActiveCfg = BuiltWithUnrealBuildTool|Win32
		{5709054D-2683-41EF-BAE7-2B865A821EBD}.Shipping|Win32.Build.0 = BuiltWithUnrealBuildTool|Win32
		{5709054D-2683-41EF-BAE7-2B865A821EBD}.Shipping|Win64.ActiveCfg = BuiltWithUnrealBuildTool|Win32
		{5709054D-2683-41EF-BAE7-2B865A821EBD}.Shipping|Win64.Build.0 = BuiltWithUnrealBuildTool|Win32
		{015A8DC4-251E-40B7-A0F5-1C00601D1648}.DebugGame Editor|HTML5.ActiveCfg = HTML5_DebugGame_Editor|Win32
		{015A8DC4-251E-40B7-A0F5-1C00601D1648}.DebugGame Editor|Win32.ActiveCfg = DebugGame_Editor|Win32
		{015A8DC4-251E-40B7-A0F5-1C00601D1648}.DebugGame Editor|Win64.ActiveCfg = DebugGame_Editor|x64
		{015A8DC4-251E-40B7-A0F5-1C00601D1648}.DebugGame Editor|Win64.Build.0 = DebugGame_Editor|x64
		{015A8DC4-251E-40B7-A0F5-1C00601D1648}.DebugGame|HTML5.ActiveCfg = HTML5_DebugGame_Game|Win32
		{015A8DC4-251E-40B7-A0F5-1C00601D1648}.DebugGame|HTML5.Build.0 = HTML5_DebugGame_Game|Win32
		{015A8DC4-251E-40B7-A0F5-1C00601D1648}.DebugGame|Win32.ActiveCfg = DebugGame_Game|Win32
		{015A8DC4-251E-40B7-A0F5-1C00601D1648}.DebugGame|Win32.Build.0 = DebugGame_Game|Win32
		{015A8DC4-251E-40B7-A0F5-1C00601D1648}.DebugGame|Win64.ActiveCfg = DebugGame_Game|x64
		{015A8DC4-251E-40B7-A0F5-1C00601D1648}.DebugGame|Win64.Build.0 = DebugGame_Game|x64
		{015A8DC4-251E-40B7-A0F5-1C00601D1648}.Development Editor|HTML5.ActiveCfg = HTML5_Development_Editor|Win32
		{015A8DC4-251E-40B7-A0F5-1C00601D1648}.Development Editor|Win32.ActiveCfg = Development_Editor|Win32
		{015A8DC4-251E-40B7-A0F5-1C00601D1648}.Development Editor|Win64.ActiveCfg = Development_Editor|x64
		{015A8DC4-251E-40B7-A0F5-1C00601D1648}.Development Editor|Win64.Build.0 = Development_Editor|x64
		{015A8DC4-251E-40B7-A0F5-1C00601D1648}.Development|HTML5.ActiveCfg = HTML5_Development_Game|Win32
		{015A8DC4-251E-40B7-A0F5-1C00601D1648}.Development|HTML5.Build.0 = HTML5_Development_Game|Win32
		{015A8DC4-251E-40B7-A0F5-1C00601D1648}.Development|Win32.ActiveCfg = Development_Game|Win32
		{015A8DC4-251E-40B7-A0F5-1C00601D1648}.Development|Win32.Build.0 = Development_Game|Win32
		{015A8DC4-251E-40B7-A0F5-1C00601D1648}.Development|Win64.ActiveCfg = Development_Game|x64
		{015A8DC4-251E-40B7-A0F5-1C00601D1648}.Development|Win64.Build.0 = Development_Game|x64
		{015A8DC4-251E-40B7-A0F5-1C00601D1648}.Shipping|HTML5.ActiveCfg = HTML5_Shipping_Game|Win32
		{015A8DC4-251E-40B7-A0F5-1C00601D1648}.Shipping|HTML5.Build.0 = HTML5_Shipping_Game|Win32
		{015A8DC4-251E-40B7-A0F5-1C00601D1648}.Shipping|Win32.ActiveCfg = Shipping_Game|Win32
		{015A8DC4-251E-40B7-A0F5-1C00601D1648}.Shipping|Win32.Build.0 = Shipping_Game|Win32
		{015A8DC4-251E-40B7-A0F5-1C00601D1648}.Shipping|Win64.ActiveCfg = Shipping_Game|x64
		{015A8DC4-251E-40B7-A0F5-1C00601D1648}.Shipping|Win64.Build.0 = Shipping_Game|x64
	EndGlobalSection
	GlobalSection(SolutionProperties) = preSolution
		HideSolutionNode = FALSE
	EndGlobalSection
	GlobalSection(NestedProjects) = preSolution
		{5709054D-2683-41EF-BAE7-2B865A821EBD} = {757376B2-E418-4C21-A478-7086DF62F7B7}
		{015A8DC4-251E-40B7-A0F5-1C00601D1648} = {49ADA3AA-AE9F-4F6F-9DC3-A4ED66328E26}
	EndGlobalSection
	GlobalSection(ExtensibilityGlobals) = postSolution
		SolutionGuid = {087CB1D7-A073-4868-BB9F-4723710A1152}
	EndGlobalSection
EndGlobal
